
Microsoft Visual Studio Solution File, Format Version 12.00
# Visual Studio Version 16
VisualStudioVersion = 16.0.30406.217
MinimumVisualStudioVersion = 10.0.40219.1
Project("{2150E333-8FDC-42A3-9474-1A3956D46DE8}") = "01 - Apreesentation", "01 - Apreesentation", "{7D7E43F3-7E3C-4EC6-A099-98FA616E0F4F}"
EndProject
Project("{2150E333-8FDC-42A3-9474-1A3956D46DE8}") = "02 - Application", "02 - Application", "{FA5CC56A-7B4D-4CCE-B824-EE6538CF5484}"
EndProject
Project("{2150E333-8FDC-42A3-9474-1A3956D46DE8}") = "03 - Domain", "03 - Domain", "{C26AC1FB-CFB6-4F57-8E9C-2799376BAD99}"
EndProject
Project("{2150E333-8FDC-42A3-9474-1A3956D46DE8}") = "04 - Infrastructure", "04 - Infrastructure", "{5E27EFB2-B184-46A7-AC66-75F384DAD303}"
EndProject
Project("{2150E333-8FDC-42A3-9474-1A3956D46DE8}") = "4.1 - Data", "4.1 - Data", "{8D09148D-8D0F-4E33-857A-7C7AC6D2FDB3}"
EndProject
Project("{2150E333-8FDC-42A3-9474-1A3956D46DE8}") = "4.2 - Cross Cuting", "4.2 - Cross Cuting", "{6B8BFB6D-C2E8-46D1-AC1C-919BEF6E0A0E}"
EndProject
Project("{9A19103F-16F7-4668-BE54-9A1E7A4F7556}") = "SGAS.Domain", "SGAS.Domain\SGAS.Domain.csproj", "{310C0BA1-2BC6-4245-BC30-97B5FFB5A25B}"
EndProject
Project("{9A19103F-16F7-4668-BE54-9A1E7A4F7556}") = "SGAS.Infra", "SGAS.Infra\SGAS.Infra.csproj", "{67BC8CEB-83EF-47E5-BC80-C374838FCCCC}"
EndProject
Project("{9A19103F-16F7-4668-BE54-9A1E7A4F7556}") = "SGAS.Infra.CrossCuting", "SGAS.Infra.CrossCuting\SGAS.Infra.CrossCuting.csproj", "{A21D0F67-9C64-49EB-99AB-ECE38D342860}"
EndProject
Project("{9A19103F-16F7-4668-BE54-9A1E7A4F7556}") = "SGAS.Application", "SGAS.Application\SGAS.Application.csproj", "{64C2CE6E-BE7A-4556-9BF0-3565DEC81DBE}"
EndProject
Project("{9A19103F-16F7-4668-BE54-9A1E7A4F7556}") = "SGAS.Api", "SGAS.Api\SGAS.Api.csproj", "{99F22087-C037-4D66-B79F-0F34C5289AB2}"
EndProject
Global
	GlobalSection(SolutionConfigurationPlatforms) = preSolution
		Debug|Any CPU = Debug|Any CPU
		Release|Any CPU = Release|Any CPU
	EndGlobalSection
	GlobalSection(ProjectConfigurationPlatforms) = postSolution
		{310C0BA1-2BC6-4245-BC30-97B5FFB5A25B}.Debug|Any CPU.ActiveCfg = Debug|Any CPU
		{310C0BA1-2BC6-4245-BC30-97B5FFB5A25B}.Debug|Any CPU.Build.0 = Debug|Any CPU
		{310C0BA1-2BC6-4245-BC30-97B5FFB5A25B}.Release|Any CPU.ActiveCfg = Release|Any CPU
		{310C0BA1-2BC6-4245-BC30-97B5FFB5A25B}.Release|Any CPU.Build.0 = Release|Any CPU
		{67BC8CEB-83EF-47E5-BC80-C374838FCCCC}.Debug|Any CPU.ActiveCfg = Debug|Any CPU
		{67BC8CEB-83EF-47E5-BC80-C374838FCCCC}.Debug|Any CPU.Build.0 = Debug|Any CPU
		{67BC8CEB-83EF-47E5-BC80-C374838FCCCC}.Release|Any CPU.ActiveCfg = Release|Any CPU
		{67BC8CEB-83EF-47E5-BC80-C374838FCCCC}.Release|Any CPU.Build.0 = Release|Any CPU
		{A21D0F67-9C64-49EB-99AB-ECE38D342860}.Debug|Any CPU.ActiveCfg = Debug|Any CPU
		{A21D0F67-9C64-49EB-99AB-ECE38D342860}.Debug|Any CPU.Build.0 = Debug|Any CPU
		{A21D0F67-9C64-49EB-99AB-ECE38D342860}.Release|Any CPU.ActiveCfg = Release|Any CPU
		{A21D0F67-9C64-49EB-99AB-ECE38D342860}.Release|Any CPU.Build.0 = Release|Any CPU
		{64C2CE6E-BE7A-4556-9BF0-3565DEC81DBE}.Debug|Any CPU.ActiveCfg = Debug|Any CPU
		{64C2CE6E-BE7A-4556-9BF0-3565DEC81DBE}.Debug|Any CPU.Build.0 = Debug|Any CPU
		{64C2CE6E-BE7A-4556-9BF0-3565DEC81DBE}.Release|Any CPU.ActiveCfg = Release|Any CPU
		{64C2CE6E-BE7A-4556-9BF0-3565DEC81DBE}.Release|Any CPU.Build.0 = Release|Any CPU
		{99F22087-C037-4D66-B79F-0F34C5289AB2}.Debug|Any CPU.ActiveCfg = Debug|Any CPU
		{99F22087-C037-4D66-B79F-0F34C5289AB2}.Debug|Any CPU.Build.0 = Debug|Any CPU
		{99F22087-C037-4D66-B79F-0F34C5289AB2}.Release|Any CPU.ActiveCfg = Release|Any CPU
		{99F22087-C037-4D66-B79F-0F34C5289AB2}.Release|Any CPU.Build.0 = Release|Any CPU
	EndGlobalSection
	GlobalSection(SolutionProperties) = preSolution
		HideSolutionNode = FALSE
	EndGlobalSection
	GlobalSection(NestedProjects) = preSolution
		{8D09148D-8D0F-4E33-857A-7C7AC6D2FDB3} = {5E27EFB2-B184-46A7-AC66-75F384DAD303}
		{6B8BFB6D-C2E8-46D1-AC1C-919BEF6E0A0E} = {5E27EFB2-B184-46A7-AC66-75F384DAD303}
		{310C0BA1-2BC6-4245-BC30-97B5FFB5A25B} = {C26AC1FB-CFB6-4F57-8E9C-2799376BAD99}
		{67BC8CEB-83EF-47E5-BC80-C374838FCCCC} = {8D09148D-8D0F-4E33-857A-7C7AC6D2FDB3}
		{A21D0F67-9C64-49EB-99AB-ECE38D342860} = {6B8BFB6D-C2E8-46D1-AC1C-919BEF6E0A0E}
		{64C2CE6E-BE7A-4556-9BF0-3565DEC81DBE} = {FA5CC56A-7B4D-4CCE-B824-EE6538CF5484}
		{99F22087-C037-4D66-B79F-0F34C5289AB2} = {7D7E43F3-7E3C-4EC6-A099-98FA616E0F4F}
	EndGlobalSection
	GlobalSection(ExtensibilityGlobals) = postSolution
		SolutionGuid = {94822121-303D-491C-B85B-4A29835DFFD2}
	EndGlobalSection
EndGlobal
